// !$*UTF8*$!
{
	archiveVersion = 1;
	classes = {
	};
	objectVersion = 56;
	objects = {

/* Begin PBXBuildFile section */
		1E25804F29F8B800002FC3B7 /* HomeViewContent.swift in Sources */ = {isa = PBXBuildFile; fileRef = 1E25804E29F8B800002FC3B7 /* HomeViewContent.swift */; };
		1E26FC9629FC6AFC0001A435 /* ViewModifers.swift in Sources */ = {isa = PBXBuildFile; fileRef = 1E26FC9529FC6AFC0001A435 /* ViewModifers.swift */; };
		1E26FC9D29FC6D450001A435 /* BrowseView.swift in Sources */ = {isa = PBXBuildFile; fileRef = 1E26FC9C29FC6D440001A435 /* BrowseView.swift */; };
		1E26FC9F29FC6D790001A435 /* SavedPlantsView.swift in Sources */ = {isa = PBXBuildFile; fileRef = 1E26FC9E29FC6D790001A435 /* SavedPlantsView.swift */; };
		1E26FCA129FC6F440001A435 /* PlantListView.swift in Sources */ = {isa = PBXBuildFile; fileRef = 1E26FCA029FC6F440001A435 /* PlantListView.swift */; };
		1E26FCA329FC70740001A435 /* PlantCardView.swift in Sources */ = {isa = PBXBuildFile; fileRef = 1E26FCA229FC70740001A435 /* PlantCardView.swift */; };
		1E6220C529FEFA9E00431888 /* HardinessZone.swift in Sources */ = {isa = PBXBuildFile; fileRef = 1E6220C429FEFA9E00431888 /* HardinessZone.swift */; };
		1E6220CA29FEFBC700431888 /* NetworkManager.swift in Sources */ = {isa = PBXBuildFile; fileRef = 1E6220C929FEFBC700431888 /* NetworkManager.swift */; };
		1E9C1DE329FC86DA00D029C4 /* Plant.swift in Sources */ = {isa = PBXBuildFile; fileRef = 1E9C1DE229FC86DA00D029C4 /* Plant.swift */; };
		1ECBF11F29F887930064EC3A /* PlanterApp.swift in Sources */ = {isa = PBXBuildFile; fileRef = 1ECBF11E29F887930064EC3A /* PlanterApp.swift */; };
		1ECBF12129F887930064EC3A /* HomeView.swift in Sources */ = {isa = PBXBuildFile; fileRef = 1ECBF12029F887930064EC3A /* HomeView.swift */; };
		1ECBF12329F887940064EC3A /* Assets.xcassets in Resources */ = {isa = PBXBuildFile; fileRef = 1ECBF12229F887940064EC3A /* Assets.xcassets */; };
		1ECBF12629F887940064EC3A /* Preview Assets.xcassets in Resources */ = {isa = PBXBuildFile; fileRef = 1ECBF12529F887940064EC3A /* Preview Assets.xcassets */; };
		1ECBF12D29F888140064EC3A /* TabItem.swift in Sources */ = {isa = PBXBuildFile; fileRef = 1ECBF12C29F888140064EC3A /* TabItem.swift */; };
		1ECBF12F29F8886A0064EC3A /* Extensions.swift in Sources */ = {isa = PBXBuildFile; fileRef = 1ECBF12E29F8886A0064EC3A /* Extensions.swift */; };
		1ECBF13129F888930064EC3A /* CustomShape_TabItem.swift in Sources */ = {isa = PBXBuildFile; fileRef = 1ECBF13029F888930064EC3A /* CustomShape_TabItem.swift */; };
		1ECBF13329F888C30064EC3A /* BarButton.swift in Sources */ = {isa = PBXBuildFile; fileRef = 1ECBF13229F888C30064EC3A /* BarButton.swift */; };
		1ECBF13529F889070064EC3A /* CustomTabBarView.swift in Sources */ = {isa = PBXBuildFile; fileRef = 1ECBF13429F889070064EC3A /* CustomTabBarView.swift */; };
/* End PBXBuildFile section */

/* Begin PBXFileReference section */
		1E25804E29F8B800002FC3B7 /* HomeViewContent.swift */ = {isa = PBXFileReference; lastKnownFileType = sourcecode.swift; path = HomeViewContent.swift; sourceTree = "<group>"; };
		1E26FC9529FC6AFC0001A435 /* ViewModifers.swift */ = {isa = PBXFileReference; lastKnownFileType = sourcecode.swift; path = ViewModifers.swift; sourceTree = "<group>"; };
		1E26FC9C29FC6D440001A435 /* BrowseView.swift */ = {isa = PBXFileReference; lastKnownFileType = sourcecode.swift; path = BrowseView.swift; sourceTree = "<group>"; };
		1E26FC9E29FC6D790001A435 /* SavedPlantsView.swift */ = {isa = PBXFileReference; lastKnownFileType = sourcecode.swift; path = SavedPlantsView.swift; sourceTree = "<group>"; };
		1E26FCA029FC6F440001A435 /* PlantListView.swift */ = {isa = PBXFileReference; lastKnownFileType = sourcecode.swift; path = PlantListView.swift; sourceTree = "<group>"; };
		1E26FCA229FC70740001A435 /* PlantCardView.swift */ = {isa = PBXFileReference; lastKnownFileType = sourcecode.swift; path = PlantCardView.swift; sourceTree = "<group>"; };
		1E6220C429FEFA9E00431888 /* HardinessZone.swift */ = {isa = PBXFileReference; lastKnownFileType = sourcecode.swift; path = HardinessZone.swift; sourceTree = "<group>"; };
		1E6220C929FEFBC700431888 /* NetworkManager.swift */ = {isa = PBXFileReference; lastKnownFileType = sourcecode.swift; path = NetworkManager.swift; sourceTree = "<group>"; };
		1E9C1DE229FC86DA00D029C4 /* Plant.swift */ = {isa = PBXFileReference; lastKnownFileType = sourcecode.swift; path = Plant.swift; sourceTree = "<group>"; };
		1ECBF11B29F887930064EC3A /* Planter.app */ = {isa = PBXFileReference; explicitFileType = wrapper.application; includeInIndex = 0; path = Planter.app; sourceTree = BUILT_PRODUCTS_DIR; };
		1ECBF11E29F887930064EC3A /* PlanterApp.swift */ = {isa = PBXFileReference; lastKnownFileType = sourcecode.swift; path = PlanterApp.swift; sourceTree = "<group>"; };
		1ECBF12029F887930064EC3A /* HomeView.swift */ = {isa = PBXFileReference; lastKnownFileType = sourcecode.swift; path = HomeView.swift; sourceTree = "<group>"; };
		1ECBF12229F887940064EC3A /* Assets.xcassets */ = {isa = PBXFileReference; lastKnownFileType = folder.assetcatalog; path = Assets.xcassets; sourceTree = "<group>"; };
		1ECBF12529F887940064EC3A /* Preview Assets.xcassets */ = {isa = PBXFileReference; lastKnownFileType = folder.assetcatalog; path = "Preview Assets.xcassets"; sourceTree = "<group>"; };
		1ECBF12C29F888140064EC3A /* TabItem.swift */ = {isa = PBXFileReference; lastKnownFileType = sourcecode.swift; path = TabItem.swift; sourceTree = "<group>"; };
		1ECBF12E29F8886A0064EC3A /* Extensions.swift */ = {isa = PBXFileReference; lastKnownFileType = sourcecode.swift; path = Extensions.swift; sourceTree = "<group>"; };
		1ECBF13029F888930064EC3A /* CustomShape_TabItem.swift */ = {isa = PBXFileReference; lastKnownFileType = sourcecode.swift; path = CustomShape_TabItem.swift; sourceTree = "<group>"; };
		1ECBF13229F888C30064EC3A /* BarButton.swift */ = {isa = PBXFileReference; lastKnownFileType = sourcecode.swift; path = BarButton.swift; sourceTree = "<group>"; };
		1ECBF13429F889070064EC3A /* CustomTabBarView.swift */ = {isa = PBXFileReference; lastKnownFileType = sourcecode.swift; path = CustomTabBarView.swift; sourceTree = "<group>"; };
/* End PBXFileReference section */

/* Begin PBXFrameworksBuildPhase section */
		1ECBF11829F887930064EC3A /* Frameworks */ = {
			isa = PBXFrameworksBuildPhase;
			buildActionMask = 2147483647;
			files = (
			);
			runOnlyForDeploymentPostprocessing = 0;
		};
/* End PBXFrameworksBuildPhase section */

/* Begin PBXGroup section */
		1E26FC9729FC6C870001A435 /* TabBar */ = {
			isa = PBXGroup;
			children = (
				1ECBF13229F888C30064EC3A /* BarButton.swift */,
				1ECBF13029F888930064EC3A /* CustomShape_TabItem.swift */,
				1ECBF13429F889070064EC3A /* CustomTabBarView.swift */,
				1ECBF12C29F888140064EC3A /* TabItem.swift */,
			);
			path = TabBar;
			sourceTree = "<group>";
		};
		1E26FC9829FC6CB40001A435 /* View */ = {
			isa = PBXGroup;
			children = (
				1E25804E29F8B800002FC3B7 /* HomeViewContent.swift */,
				1ECBF12029F887930064EC3A /* HomeView.swift */,
				1E26FC9C29FC6D440001A435 /* BrowseView.swift */,
				1E26FC9E29FC6D790001A435 /* SavedPlantsView.swift */,
				1E26FCA029FC6F440001A435 /* PlantListView.swift */,
				1E26FCA229FC70740001A435 /* PlantCardView.swift */,
			);
			path = View;
			sourceTree = "<group>";
		};
		1E26FC9929FC6D010001A435 /* Model */ = {
			isa = PBXGroup;
			children = (
				1E9C1DE229FC86DA00D029C4 /* Plant.swift */,
				1E6220C429FEFA9E00431888 /* HardinessZone.swift */,
			);
			path = Model;
			sourceTree = "<group>";
		};
		1E26FC9A29FC6D0B0001A435 /* ViewModel */ = {
			isa = PBXGroup;
			children = (
			);
			path = ViewModel;
			sourceTree = "<group>";
		};
		1E26FC9B29FC6D130001A435 /* Extensions */ = {
			isa = PBXGroup;
			children = (
				1E26FC9529FC6AFC0001A435 /* ViewModifers.swift */,
				1ECBF12E29F8886A0064EC3A /* Extensions.swift */,
			);
			path = Extensions;
			sourceTree = "<group>";
		};
		1E6220C829FEFBBA00431888 /* Utilities */ = {
			isa = PBXGroup;
			children = (
				1E6220C929FEFBC700431888 /* NetworkManager.swift */,
			);
			path = Utilities;
			sourceTree = "<group>";
		};
		1ECBF11229F887930064EC3A = {
			isa = PBXGroup;
			children = (
				1ECBF11D29F887930064EC3A /* Planter */,
				1ECBF11C29F887930064EC3A /* Products */,
			);
			sourceTree = "<group>";
		};
		1ECBF11C29F887930064EC3A /* Products */ = {
			isa = PBXGroup;
			children = (
				1ECBF11B29F887930064EC3A /* Planter.app */,
			);
			name = Products;
			sourceTree = "<group>";
		};
		1ECBF11D29F887930064EC3A /* Planter */ = {
			isa = PBXGroup;
			children = (
				1E6220C829FEFBBA00431888 /* Utilities */,
				1E26FC9B29FC6D130001A435 /* Extensions */,
				1E26FC9A29FC6D0B0001A435 /* ViewModel */,
				1E26FC9929FC6D010001A435 /* Model */,
				1E26FC9829FC6CB40001A435 /* View */,
				1ECBF11E29F887930064EC3A /* PlanterApp.swift */,
				1ECBF12229F887940064EC3A /* Assets.xcassets */,
				1ECBF12429F887940064EC3A /* Preview Content */,
				1E26FC9729FC6C870001A435 /* TabBar */,
			);
			path = Planter;
			sourceTree = "<group>";
		};
		1ECBF12429F887940064EC3A /* Preview Content */ = {
			isa = PBXGroup;
			children = (
				1ECBF12529F887940064EC3A /* Preview Assets.xcassets */,
			);
			path = "Preview Content";
			sourceTree = "<group>";
		};
/* End PBXGroup section */

/* Begin PBXNativeTarget section */
		1ECBF11A29F887930064EC3A /* Planter */ = {
			isa = PBXNativeTarget;
			buildConfigurationList = 1ECBF12929F887940064EC3A /* Build configuration list for PBXNativeTarget "Planter" */;
			buildPhases = (
				1ECBF11729F887930064EC3A /* Sources */,
				1ECBF11829F887930064EC3A /* Frameworks */,
				1ECBF11929F887930064EC3A /* Resources */,
			);
			buildRules = (
			);
			dependencies = (
			);
			name = Planter;
			productName = Planter;
			productReference = 1ECBF11B29F887930064EC3A /* Planter.app */;
			productType = "com.apple.product-type.application";
		};
/* End PBXNativeTarget section */

/* Begin PBXProject section */
		1ECBF11329F887930064EC3A /* Project object */ = {
			isa = PBXProject;
			attributes = {
				BuildIndependentTargetsInParallel = 1;
				LastSwiftUpdateCheck = 1400;
				LastUpgradeCheck = 1400;
				TargetAttributes = {
					1ECBF11A29F887930064EC3A = {
						CreatedOnToolsVersion = 14.0.1;
					};
				};
			};
			buildConfigurationList = 1ECBF11629F887930064EC3A /* Build configuration list for PBXProject "Planter" */;
			compatibilityVersion = "Xcode 14.0";
			developmentRegion = en;
			hasScannedForEncodings = 0;
			knownRegions = (
				en,
				Base,
			);
			mainGroup = 1ECBF11229F887930064EC3A;
			productRefGroup = 1ECBF11C29F887930064EC3A /* Products */;
			projectDirPath = "";
			projectRoot = "";
			targets = (
				1ECBF11A29F887930064EC3A /* Planter */,
			);
		};
/* End PBXProject section */

/* Begin PBXResourcesBuildPhase section */
		1ECBF11929F887930064EC3A /* Resources */ = {
			isa = PBXResourcesBuildPhase;
			buildActionMask = 2147483647;
			files = (
				1ECBF12629F887940064EC3A /* Preview Assets.xcassets in Resources */,
				1ECBF12329F887940064EC3A /* Assets.xcassets in Resources */,
			);
			runOnlyForDeploymentPostprocessing = 0;
		};
/* End PBXResourcesBuildPhase section */

/* Begin PBXSourcesBuildPhase section */
		1ECBF11729F887930064EC3A /* Sources */ = {
			isa = PBXSourcesBuildPhase;
			buildActionMask = 2147483647;
			files = (
				1ECBF13529F889070064EC3A /* CustomTabBarView.swift in Sources */,
				1E26FC9F29FC6D790001A435 /* SavedPlantsView.swift in Sources */,
				1ECBF13129F888930064EC3A /* CustomShape_TabItem.swift in Sources */,
				1E26FC9D29FC6D450001A435 /* BrowseView.swift in Sources */,
				1E6220CA29FEFBC700431888 /* NetworkManager.swift in Sources */,
				1E6220C529FEFA9E00431888 /* HardinessZone.swift in Sources */,
				1E26FC9629FC6AFC0001A435 /* ViewModifers.swift in Sources */,
				1E26FCA329FC70740001A435 /* PlantCardView.swift in Sources */,
				1ECBF12129F887930064EC3A /* HomeView.swift in Sources */,
				1ECBF11F29F887930064EC3A /* PlanterApp.swift in Sources */,
				1ECBF13329F888C30064EC3A /* BarButton.swift in Sources */,
				1E26FCA129FC6F440001A435 /* PlantListView.swift in Sources */,
				1ECBF12D29F888140064EC3A /* TabItem.swift in Sources */,
				1E9C1DE329FC86DA00D029C4 /* Plant.swift in Sources */,
				1ECBF12F29F8886A0064EC3A /* Extensions.swift in Sources */,
				1E25804F29F8B800002FC3B7 /* HomeViewContent.swift in Sources */,
			);
			runOnlyForDeploymentPostprocessing = 0;
		};
/* End PBXSourcesBuildPhase section */

/* Begin XCBuildConfiguration section */
		1ECBF12729F887940064EC3A /* Debug */ = {
			isa = XCBuildConfiguration;
			buildSettings = {
				ALWAYS_SEARCH_USER_PATHS = NO;
				CLANG_ANALYZER_NONNULL = YES;
				CLANG_ANALYZER_NUMBER_OBJECT_CONVERSION = YES_AGGRESSIVE;
				CLANG_CXX_LANGUAGE_STANDARD = "gnu++20";
				CLANG_ENABLE_MODULES = YES;
				CLANG_ENABLE_OBJC_ARC = YES;
				CLANG_ENABLE_OBJC_WEAK = YES;
				CLANG_WARN_BLOCK_CAPTURE_AUTORELEASING = YES;
				CLANG_WARN_BOOL_CONVERSION = YES;
				CLANG_WARN_COMMA = YES;
				CLANG_WARN_CONSTANT_CONVERSION = YES;
				CLANG_WARN_DEPRECATED_OBJC_IMPLEMENTATIONS = YES;
				CLANG_WARN_DIRECT_OBJC_ISA_USAGE = YES_ERROR;
				CLANG_WARN_DOCUMENTATION_COMMENTS = YES;
				CLANG_WARN_EMPTY_BODY = YES;
				CLANG_WARN_ENUM_CONVERSION = YES;
				CLANG_WARN_INFINITE_RECURSION = YES;
				CLANG_WARN_INT_CONVERSION = YES;
				CLANG_WARN_NON_LITERAL_NULL_CONVERSION = YES;
				CLANG_WARN_OBJC_IMPLICIT_RETAIN_SELF = YES;
				CLANG_WARN_OBJC_LITERAL_CONVERSION = YES;
				CLANG_WARN_OBJC_ROOT_CLASS = YES_ERROR;
				CLANG_WARN_QUOTED_INCLUDE_IN_FRAMEWORK_HEADER = YES;
				CLANG_WARN_RANGE_LOOP_ANALYSIS = YES;
				CLANG_WARN_STRICT_PROTOTYPES = YES;
				CLANG_WARN_SUSPICIOUS_MOVE = YES;
				CLANG_WARN_UNGUARDED_AVAILABILITY = YES_AGGRESSIVE;
				CLANG_WARN_UNREACHABLE_CODE = YES;
				CLANG_WARN__DUPLICATE_METHOD_MATCH = YES;
				COPY_PHASE_STRIP = NO;
				DEBUG_INFORMATION_FORMAT = dwarf;
				ENABLE_STRICT_OBJC_MSGSEND = YES;
				ENABLE_TESTABILITY = YES;
				GCC_C_LANGUAGE_STANDARD = gnu11;
				GCC_DYNAMIC_NO_PIC = NO;
				GCC_NO_COMMON_BLOCKS = YES;
				GCC_OPTIMIZATION_LEVEL = 0;
				GCC_PREPROCESSOR_DEFINITIONS = (
					"DEBUG=1",
					"$(inherited)",
				);
				GCC_WARN_64_TO_32_BIT_CONVERSION = YES;
				GCC_WARN_ABOUT_RETURN_TYPE = YES_ERROR;
				GCC_WARN_UNDECLARED_SELECTOR = YES;
				GCC_WARN_UNINITIALIZED_AUTOS = YES_AGGRESSIVE;
				GCC_WARN_UNUSED_FUNCTION = YES;
				GCC_WARN_UNUSED_VARIABLE = YES;
				IPHONEOS_DEPLOYMENT_TARGET = 16.0;
				MTL_ENABLE_DEBUG_INFO = INCLUDE_SOURCE;
				MTL_FAST_MATH = YES;
				ONLY_ACTIVE_ARCH = YES;
				SDKROOT = iphoneos;
				SWIFT_ACTIVE_COMPILATION_CONDITIONS = DEBUG;
				SWIFT_OPTIMIZATION_LEVEL = "-Onone";
			};
			name = Debug;
		};
		1ECBF12829F887940064EC3A /* Release */ = {
			isa = XCBuildConfiguration;
			buildSettings = {
				ALWAYS_SEARCH_USER_PATHS = NO;
				CLANG_ANALYZER_NONNULL = YES;
				CLANG_ANALYZER_NUMBER_OBJECT_CONVERSION = YES_AGGRESSIVE;
				CLANG_CXX_LANGUAGE_STANDARD = "gnu++20";
				CLANG_ENABLE_MODULES = YES;
				CLANG_ENABLE_OBJC_ARC = YES;
				CLANG_ENABLE_OBJC_WEAK = YES;
				CLANG_WARN_BLOCK_CAPTURE_AUTORELEASING = YES;
				CLANG_WARN_BOOL_CONVERSION = YES;
				CLANG_WARN_COMMA = YES;
				CLANG_WARN_CONSTANT_CONVERSION = YES;
				CLANG_WARN_DEPRECATED_OBJC_IMPLEMENTATIONS = YES;
				CLANG_WARN_DIRECT_OBJC_ISA_USAGE = YES_ERROR;
				CLANG_WARN_DOCUMENTATION_COMMENTS = YES;
				CLANG_WARN_EMPTY_BODY = YES;
				CLANG_WARN_ENUM_CONVERSION = YES;
				CLANG_WARN_INFINITE_RECURSION = YES;
				CLANG_WARN_INT_CONVERSION = YES;
				CLANG_WARN_NON_LITERAL_NULL_CONVERSION = YES;
				CLANG_WARN_OBJC_IMPLICIT_RETAIN_SELF = YES;
				CLANG_WARN_OBJC_LITERAL_CONVERSION = YES;
				CLANG_WARN_OBJC_ROOT_CLASS = YES_ERROR;
				CLANG_WARN_QUOTED_INCLUDE_IN_FRAMEWORK_HEADER = YES;
				CLANG_WARN_RANGE_LOOP_ANALYSIS = YES;
				CLANG_WARN_STRICT_PROTOTYPES = YES;
				CLANG_WARN_SUSPICIOUS_MOVE = YES;
				CLANG_WARN_UNGUARDED_AVAILABILITY = YES_AGGRESSIVE;
				CLANG_WARN_UNREACHABLE_CODE = YES;
				CLANG_WARN__DUPLICATE_METHOD_MATCH = YES;
				COPY_PHASE_STRIP = NO;
				DEBUG_INFORMATION_FORMAT = "dwarf-with-dsym";
				ENABLE_NS_ASSERTIONS = NO;
				ENABLE_STRICT_OBJC_MSGSEND = YES;
				GCC_C_LANGUAGE_STANDARD = gnu11;
				GCC_NO_COMMON_BLOCKS = YES;
				GCC_WARN_64_TO_32_BIT_CONVERSION = YES;
				GCC_WARN_ABOUT_RETURN_TYPE = YES_ERROR;
				GCC_WARN_UNDECLARED_SELECTOR = YES;
				GCC_WARN_UNINITIALIZED_AUTOS = YES_AGGRESSIVE;
				GCC_WARN_UNUSED_FUNCTION = YES;
				GCC_WARN_UNUSED_VARIABLE = YES;
				IPHONEOS_DEPLOYMENT_TARGET = 16.0;
				MTL_ENABLE_DEBUG_INFO = NO;
				MTL_FAST_MATH = YES;
				SDKROOT = iphoneos;
				SWIFT_COMPILATION_MODE = wholemodule;
				SWIFT_OPTIMIZATION_LEVEL = "-O";
				VALIDATE_PRODUCT = YES;
			};
			name = Release;
		};
		1ECBF12A29F887940064EC3A /* Debug */ = {
			isa = XCBuildConfiguration;
			buildSettings = {
				ASSETCATALOG_COMPILER_APPICON_NAME = AppIcon;
				ASSETCATALOG_COMPILER_GLOBAL_ACCENT_COLOR_NAME = AccentColor;
				CODE_SIGN_STYLE = Automatic;
				CURRENT_PROJECT_VERSION = 1;
				DEVELOPMENT_ASSET_PATHS = "\"Planter/Preview Content\"";
				DEVELOPMENT_TEAM = ZA6R2LN4F2;
				ENABLE_PREVIEWS = YES;
				GENERATE_INFOPLIST_FILE = YES;
				INFOPLIST_KEY_UIApplicationSceneManifest_Generation = YES;
				INFOPLIST_KEY_UIApplicationSupportsIndirectInputEvents = YES;
				INFOPLIST_KEY_UILaunchScreen_Generation = YES;
				INFOPLIST_KEY_UISupportedInterfaceOrientations_iPad = "UIInterfaceOrientationPortrait UIInterfaceOrientationPortraitUpsideDown UIInterfaceOrientationLandscapeLeft UIInterfaceOrientationLandscapeRight";
				INFOPLIST_KEY_UISupportedInterfaceOrientations_iPhone = "UIInterfaceOrientationPortrait UIInterfaceOrientationLandscapeLeft UIInterfaceOrientationLandscapeRight";
				LD_RUNPATH_SEARCH_PATHS = (
					"$(inherited)",
					"@executable_path/Frameworks",
				);
				MARKETING_VERSION = 1.0;
				PRODUCT_BUNDLE_IDENTIFIER = com.guerrerojuan.Planter;
				PRODUCT_NAME = "$(TARGET_NAME)";
				SWIFT_EMIT_LOC_STRINGS = YES;
				SWIFT_VERSION = 5.0;
				TARGETED_DEVICE_FAMILY = "1,2";
			};
			name = Debug;
		};
		1ECBF12B29F887940064EC3A /* Release */ = {
			isa = XCBuildConfiguration;
			buildSettings = {
				ASSETCATALOG_COMPILER_APPICON_NAME = AppIcon;
				ASSETCATALOG_COMPILER_GLOBAL_ACCENT_COLOR_NAME = AccentColor;
				CODE_SIGN_STYLE = Automatic;
				CURRENT_PROJECT_VERSION = 1;
				DEVELOPMENT_ASSET_PATHS = "\"Planter/Preview Content\"";
				DEVELOPMENT_TEAM = ZA6R2LN4F2;
				ENABLE_PREVIEWS = YES;
				GENERATE_INFOPLIST_FILE = YES;
				INFOPLIST_KEY_UIApplicationSceneManifest_Generation = YES;
				INFOPLIST_KEY_UIApplicationSupportsIndirectInputEvents = YES;
				INFOPLIST_KEY_UILaunchScreen_Generation = YES;
				INFOPLIST_KEY_UISupportedInterfaceOrientations_iPad = "UIInterfaceOrientationPortrait UIInterfaceOrientationPortraitUpsideDown UIInterfaceOrientationLandscapeLeft UIInterfaceOrientationLandscapeRight";
				INFOPLIST_KEY_UISupportedInterfaceOrientations_iPhone = "UIInterfaceOrientationPortrait UIInterfaceOrientationLandscapeLeft UIInterfaceOrientationLandscapeRight";
				LD_RUNPATH_SEARCH_PATHS = (
					"$(inherited)",
					"@executable_path/Frameworks",
				);
				MARKETING_VERSION = 1.0;
				PRODUCT_BUNDLE_IDENTIFIER = com.guerrerojuan.Planter;
				PRODUCT_NAME = "$(TARGET_NAME)";
				SWIFT_EMIT_LOC_STRINGS = YES;
				SWIFT_VERSION = 5.0;
				TARGETED_DEVICE_FAMILY = "1,2";
			};
			name = Release;
		};
/* End XCBuildConfiguration section */

/* Begin XCConfigurationList section */
		1ECBF11629F887930064EC3A /* Build configuration list for PBXProject "Planter" */ = {
			isa = XCConfigurationList;
			buildConfigurations = (
				1ECBF12729F887940064EC3A /* Debug */,
				1ECBF12829F887940064EC3A /* Release */,
			);
			defaultConfigurationIsVisible = 0;
			defaultConfigurationName = Release;
		};
		1ECBF12929F887940064EC3A /* Build configuration list for PBXNativeTarget "Planter" */ = {
			isa = XCConfigurationList;
			buildConfigurations = (
				1ECBF12A29F887940064EC3A /* Debug */,
				1ECBF12B29F887940064EC3A /* Release */,
			);
			defaultConfigurationIsVisible = 0;
			defaultConfigurationName = Release;
		};
/* End XCConfigurationList section */
	};
	rootObject = 1ECBF11329F887930064EC3A /* Project object */;
}
